
Microsoft Visual Studio Solution File, Format Version 12.00
# Visual Studio Version 16
VisualStudioVersion = 16.0.30413.136
MinimumVisualStudioVersion = 10.0.40219.1
Project("{9A19103F-16F7-4668-BE54-9A1E7A4F7556}") = "ClassesFilesDateTime", "ClassesFilesDateTime\ClassesFilesDateTime.csproj", "{F22D1BC1-BE99-406B-B16C-AEB3E9DBC890}"
EndProject
Project("{9A19103F-16F7-4668-BE54-9A1E7A4F7556}") = "StudentUMLExample", "StudentUMLExample\StudentUMLExample.csproj", "{EB3A3A60-F87B-41B6-9864-9D249029D187}"
EndProject
Project("{FAE04EC0-301F-11D3-BF4B-00C04F79EFBC}") = "ParticipationEF", "ParticipationEF\ParticipationEF.csproj", "{C3A47EE7-C272-4D36-8DAA-7F67C57F7C60}"
EndProject
Project("{FAE04EC0-301F-11D3-BF4B-00C04F79EFBC}") = "CSV", "CSV\CSV.csproj", "{F4004143-FE3D-4A64-870E-D94B90424D75}"
EndProject
Project("{FAE04EC0-301F-11D3-BF4B-00C04F79EFBC}") = "NuGET_Example", "NuGET_Example\NuGET_Example.csproj", "{35468BAA-C517-43E9-9CF1-7103A0C7A96E}"
EndProject
Global
	GlobalSection(SolutionConfigurationPlatforms) = preSolution
		Debug|Any CPU = Debug|Any CPU
		Release|Any CPU = Release|Any CPU
	EndGlobalSection
	GlobalSection(ProjectConfigurationPlatforms) = postSolution
		{F22D1BC1-BE99-406B-B16C-AEB3E9DBC890}.Debug|Any CPU.ActiveCfg = Debug|Any CPU
		{F22D1BC1-BE99-406B-B16C-AEB3E9DBC890}.Debug|Any CPU.Build.0 = Debug|Any CPU
		{F22D1BC1-BE99-406B-B16C-AEB3E9DBC890}.Release|Any CPU.ActiveCfg = Release|Any CPU
		{F22D1BC1-BE99-406B-B16C-AEB3E9DBC890}.Release|Any CPU.Build.0 = Release|Any CPU
		{EB3A3A60-F87B-41B6-9864-9D249029D187}.Debug|Any CPU.ActiveCfg = Debug|Any CPU
		{EB3A3A60-F87B-41B6-9864-9D249029D187}.Debug|Any CPU.Build.0 = Debug|Any CPU
		{EB3A3A60-F87B-41B6-9864-9D249029D187}.Release|Any CPU.ActiveCfg = Release|Any CPU
		{EB3A3A60-F87B-41B6-9864-9D249029D187}.Release|Any CPU.Build.0 = Release|Any CPU
		{C3A47EE7-C272-4D36-8DAA-7F67C57F7C60}.Debug|Any CPU.ActiveCfg = Debug|Any CPU
		{C3A47EE7-C272-4D36-8DAA-7F67C57F7C60}.Debug|Any CPU.Build.0 = Debug|Any CPU
		{C3A47EE7-C272-4D36-8DAA-7F67C57F7C60}.Release|Any CPU.ActiveCfg = Release|Any CPU
		{C3A47EE7-C272-4D36-8DAA-7F67C57F7C60}.Release|Any CPU.Build.0 = Release|Any CPU
		{F4004143-FE3D-4A64-870E-D94B90424D75}.Debug|Any CPU.ActiveCfg = Debug|Any CPU
		{F4004143-FE3D-4A64-870E-D94B90424D75}.Debug|Any CPU.Build.0 = Debug|Any CPU
		{F4004143-FE3D-4A64-870E-D94B90424D75}.Release|Any CPU.ActiveCfg = Release|Any CPU
		{F4004143-FE3D-4A64-870E-D94B90424D75}.Release|Any CPU.Build.0 = Release|Any CPU
		{35468BAA-C517-43E9-9CF1-7103A0C7A96E}.Debug|Any CPU.ActiveCfg = Debug|Any CPU
		{35468BAA-C517-43E9-9CF1-7103A0C7A96E}.Debug|Any CPU.Build.0 = Debug|Any CPU
		{35468BAA-C517-43E9-9CF1-7103A0C7A96E}.Release|Any CPU.ActiveCfg = Release|Any CPU
		{35468BAA-C517-43E9-9CF1-7103A0C7A96E}.Release|Any CPU.Build.0 = Release|Any CPU
	EndGlobalSection
	GlobalSection(SolutionProperties) = preSolution
		HideSolutionNode = FALSE
	EndGlobalSection
	GlobalSection(ExtensibilityGlobals) = postSolution
		SolutionGuid = {6F6F625F-2B74-4012-BD4B-D5782E0132D4}
	EndGlobalSection
EndGlobal
