
Microsoft Visual Studio Solution File, Format Version 12.00
# Visual Studio Version 16
VisualStudioVersion = 16.0.30413.136
MinimumVisualStudioVersion = 10.0.40219.1
Project("{FAE04EC0-301F-11D3-BF4B-00C04F79EFBC}") = "CSVExample", "CSVExample\CSVExample.csproj", "{86B34A73-52DD-4979-B2E3-043B6E526E89}"
EndProject
Project("{FAE04EC0-301F-11D3-BF4B-00C04F79EFBC}") = "WPF1", "WPF1\WPF1.csproj", "{83679809-5B33-4F88-A9E5-DE0212E70375}"
EndProject
Project("{FAE04EC0-301F-11D3-BF4B-00C04F79EFBC}") = "WpfAppClasses2", "WpfAppClasses2\WpfAppClasses2.csproj", "{1ADC5522-23D4-4D5E-B2B7-ED19386529F1}"
EndProject
Project("{FAE04EC0-301F-11D3-BF4B-00C04F79EFBC}") = "JSONPokemon", "JSONPokemon\JSONPokemon.csproj", "{8B35BE05-D30F-4A74-8CB9-4486BDD10CE8}"
EndProject
Project("{FAE04EC0-301F-11D3-BF4B-00C04F79EFBC}") = "JSONChuckNorris", "JSONChuckNorris\JSONChuckNorris.csproj", "{3F4523A5-F230-4233-98E7-B5457B48D53C}"
EndProject
Global
	GlobalSection(SolutionConfigurationPlatforms) = preSolution
		Debug|Any CPU = Debug|Any CPU
		Release|Any CPU = Release|Any CPU
	EndGlobalSection
	GlobalSection(ProjectConfigurationPlatforms) = postSolution
		{86B34A73-52DD-4979-B2E3-043B6E526E89}.Debug|Any CPU.ActiveCfg = Debug|Any CPU
		{86B34A73-52DD-4979-B2E3-043B6E526E89}.Debug|Any CPU.Build.0 = Debug|Any CPU
		{86B34A73-52DD-4979-B2E3-043B6E526E89}.Release|Any CPU.ActiveCfg = Release|Any CPU
		{86B34A73-52DD-4979-B2E3-043B6E526E89}.Release|Any CPU.Build.0 = Release|Any CPU
		{83679809-5B33-4F88-A9E5-DE0212E70375}.Debug|Any CPU.ActiveCfg = Debug|Any CPU
		{83679809-5B33-4F88-A9E5-DE0212E70375}.Debug|Any CPU.Build.0 = Debug|Any CPU
		{83679809-5B33-4F88-A9E5-DE0212E70375}.Release|Any CPU.ActiveCfg = Release|Any CPU
		{83679809-5B33-4F88-A9E5-DE0212E70375}.Release|Any CPU.Build.0 = Release|Any CPU
		{1ADC5522-23D4-4D5E-B2B7-ED19386529F1}.Debug|Any CPU.ActiveCfg = Debug|Any CPU
		{1ADC5522-23D4-4D5E-B2B7-ED19386529F1}.Debug|Any CPU.Build.0 = Debug|Any CPU
		{1ADC5522-23D4-4D5E-B2B7-ED19386529F1}.Release|Any CPU.ActiveCfg = Release|Any CPU
		{1ADC5522-23D4-4D5E-B2B7-ED19386529F1}.Release|Any CPU.Build.0 = Release|Any CPU
		{8B35BE05-D30F-4A74-8CB9-4486BDD10CE8}.Debug|Any CPU.ActiveCfg = Debug|Any CPU
		{8B35BE05-D30F-4A74-8CB9-4486BDD10CE8}.Debug|Any CPU.Build.0 = Debug|Any CPU
		{8B35BE05-D30F-4A74-8CB9-4486BDD10CE8}.Release|Any CPU.ActiveCfg = Release|Any CPU
		{8B35BE05-D30F-4A74-8CB9-4486BDD10CE8}.Release|Any CPU.Build.0 = Release|Any CPU
		{3F4523A5-F230-4233-98E7-B5457B48D53C}.Debug|Any CPU.ActiveCfg = Debug|Any CPU
		{3F4523A5-F230-4233-98E7-B5457B48D53C}.Debug|Any CPU.Build.0 = Debug|Any CPU
		{3F4523A5-F230-4233-98E7-B5457B48D53C}.Release|Any CPU.ActiveCfg = Release|Any CPU
		{3F4523A5-F230-4233-98E7-B5457B48D53C}.Release|Any CPU.Build.0 = Release|Any CPU
	EndGlobalSection
	GlobalSection(SolutionProperties) = preSolution
		HideSolutionNode = FALSE
	EndGlobalSection
	GlobalSection(ExtensibilityGlobals) = postSolution
		SolutionGuid = {F75CFAE6-EA54-404E-8B0C-095439E8ED35}
	EndGlobalSection
EndGlobal
